{
  "name": "qrcode",
  "version": "0.0.0",
  "lockfileVersion": 2,
  "requires": true,
  "packages": {
    "": {
      "name": "qrcode",
      "version": "0.0.0",
      "dependencies": {
        "@opentiny/vue-tree-menu": "^3.10.0",
        "mdui": "^1.0.2",
        "vue": "^3.3.4",
        "vue-router": "^4.2.4"
      },
      "devDependencies": {
        "@vitejs/plugin-vue": "^4.2.3",
        "vite": "^4.4.5"
      }
    },
    "node_modules/@babel/parser": {
      "version": "7.22.10",
      "resolved": "https://registry.npmmirror.com/@babel/parser/-/parser-7.22.10.tgz",
      "integrity": "sha512-lNbdGsQb9ekfsnjFGhEiF4hfFqGgfOP3H3d27re3n+CGhNuTSUEQdfWk556sTLNTloczcdM5TYF2LhzmDQKyvQ==",
      "license": "MIT",
      "bin": {
        "parser": "bin/babel-parser.js"
      },
      "engines": {
        "node": ">=6.0.0"
      }
    },
    "node_modules/@better-scroll/core": {
      "version": "2.5.0",
      "resolved": "https://registry.npmmirror.com/@better-scroll/core/-/core-2.5.0.tgz",
      "integrity": "sha512-+3aKf8T3kUl4Gj1M7NKV3fNFhsrBpTWwHoDClkXVmQ8S3TxMMHf6Kyw6l1zKsg4r+9ukW5lDDkyif7/gY76qXQ==",
      "license": "MIT",
      "dependencies": {
        "@better-scroll/shared-utils": "^2.5.0"
      }
    },
    "node_modules/@better-scroll/shared-utils": {
      "version": "2.5.1",
      "resolved": "https://registry.npmmirror.com/@better-scroll/shared-utils/-/shared-utils-2.5.1.tgz",
      "integrity": "sha512-AplkfSjXVYP9LZiD6JsKgmgQJ/mG4uuLmBuwLz8W5OsYc7AYTfN8kw6GqZ5OwCGoXkVhBGyd8NeC4xwYItp0aw=="
    },
    "node_modules/@esbuild/win32-x64": {
      "version": "0.18.20",
      "resolved": "https://registry.npmmirror.com/@esbuild/win32-x64/-/win32-x64-0.18.20.tgz",
      "integrity": "sha512-kTdfRcSiDfQca/y9QIkng02avJ+NCaQvrMejlsB3RRv5sE9rRoeBPISaZpKxHELzRxZyLvNts1P27W3wV+8geQ==",
      "cpu": [
        "x64"
      ],
      "dev": true,
      "license": "MIT",
      "optional": true,
      "os": [
        "win32"
      ],
      "engines": {
        "node": ">=12"
      }
    },
    "node_modules/@jridgewell/sourcemap-codec": {
      "version": "1.4.15",
      "resolved": "https://registry.npmmirror.com/@jridgewell/sourcemap-codec/-/sourcemap-codec-1.4.15.tgz",
      "integrity": "sha512-eF2rxCRulEKXHTRiDrDy6erMYWqNw4LPdQ8UQA4huuxaQsVeRPFl2oM8oDGxMFhJUWZf9McpLtJasDDZb/Bpeg==",
      "license": "MIT"
    },
    "node_modules/@opentiny/vue-action-sheet": {
      "version": "3.10.0",
      "resolved": "https://registry.npmmirror.com/@opentiny/vue-action-sheet/-/vue-action-sheet-3.10.0.tgz",
      "integrity": "sha512-0Va45Y5AgeKyCx5sj2I3AvoTAJ7OByHbpuvlVTAnUg5dCEMlPnepGR0tv2+wJaw17p/lldgByUAvX7KkiNWh6A==",
      "license": "MIT",
      "dependencies": {
        "@better-scroll/core": "2.5.0",
        "@opentiny/vue-common": "~3.10.0",
        "@opentiny/vue-drawer": "~3.10.0",
        "@opentiny/vue-icon": "~3.10.0",
        "@opentiny/vue-renderless": "~3.10.0"
      }
    },
    "node_modules/@opentiny/vue-button": {
      "version": "3.10.0",
      "resolved": "https://registry.npmmirror.com/@opentiny/vue-button/-/vue-button-3.10.0.tgz",
      "integrity": "sha512-shJb2GmLBx4uTo+FpYnbJ7SBmmZfPhBa/IT9F1oLrc44PwFfdPK7+wLQUDO4QEZxXa9mXXPq/ou/vD+aXa9kKg==",
      "license": "MIT",
      "dependencies": {
        "@opentiny/vue-common": "~3.10.0",
        "@opentiny/vue-icon": "~3.10.0",
        "@opentiny/vue-renderless": "~3.10.0"
      }
    },
    "node_modules/@opentiny/vue-common": {
      "version": "3.10.0",
      "resolved": "https://registry.npmmirror.com/@opentiny/vue-common/-/vue-common-3.10.0.tgz",
      "integrity": "sha512-UdrIWO134P4I5ODaaOYx1qIYNw8iNkMiMxliadAGB3o2yvCYiIkz9w+6PPEGLNVr0BP0LyJrNxH+9o9LTDu/NQ==",
      "license": "MIT",
      "dependencies": {
        "@opentiny/vue-locale": "~3.10.0",
        "@opentiny/vue-renderless": "~3.10.0",
        "@opentiny/vue-theme": "~3.10.0",
        "@opentiny/vue-theme-mobile": "~3.10.0",
        "tailwind-merge": "^1.8.0"
      }
    },
    "node_modules/@opentiny/vue-drawer": {
      "version": "3.10.0",
      "resolved": "https://registry.npmmirror.com/@opentiny/vue-drawer/-/vue-drawer-3.10.0.tgz",
      "integrity": "sha512-xSwBLXjfju4/Sxn8opNV8cdjkWp/mEXd3jo7lGCiWUgrtYNXTxCehbD6zJzDwsWu57OuhMWyEe47ZZuMjx85Kw==",
      "license": "MIT",
      "dependencies": {
        "@opentiny/vue-button": "~3.10.0",
        "@opentiny/vue-common": "~3.10.0",
        "@opentiny/vue-renderless": "~3.10.0"
      }
    },
    "node_modules/@opentiny/vue-icon": {
      "version": "3.10.0",
      "resolved": "https://registry.npmmirror.com/@opentiny/vue-icon/-/vue-icon-3.10.0.tgz",
      "integrity": "sha512-x/sR740iXejCGqz11QFBfhTKQmc0/blii54721Ak8ZUuc2eq11k5iDiev3escApqw4eaAVNYrHPfe2CiXOL7cA==",
      "license": "MIT",
      "dependencies": {
        "@opentiny/vue-common": "~3.10.0",
        "@opentiny/vue-theme": "~3.10.0"
      }
    },
    "node_modules/@opentiny/vue-input": {
      "version": "3.10.0",
      "resolved": "https://registry.npmmirror.com/@opentiny/vue-input/-/vue-input-3.10.0.tgz",
      "integrity": "sha512-c9TadWXwvWaQPsKo/5mJyFyH8I5gtaRzbJQ1DPYcyFI6K+PKV//tFERhi/UBFUjVNHhMq97LviexBfRGRxbkzA==",
      "license": "MIT",
      "dependencies": {
        "@opentiny/vue-action-sheet": "~3.10.0",
        "@opentiny/vue-common": "~3.10.0",
        "@opentiny/vue-icon": "~3.10.0",
        "@opentiny/vue-renderless": "~3.10.0",
        "@opentiny/vue-tooltip": "~3.10.0"
      }
    },
    "node_modules/@opentiny/vue-locale": {
      "version": "3.10.0",
      "resolved": "https://registry.npmmirror.com/@opentiny/vue-locale/-/vue-locale-3.10.0.tgz",
      "integrity": "sha512-PGkK1WXNy72r/GKOvEdTlmSGDr+OLjSUiI4NewNzudg0qu2qNE7uxUzWRLEBnNvEzv72ZDXiKJksNFZ3xpUQfg==",
      "license": "MIT",
      "dependencies": {
        "@opentiny/vue-renderless": "~3.10.0",
        "@opentiny/vue-theme": "~3.10.0",
        "@opentiny/vue-theme-mobile": "~3.10.0"
      }
    },
    "node_modules/@opentiny/vue-renderless": {
      "version": "3.10.2",
      "resolved": "https://registry.npmmirror.com/@opentiny/vue-renderless/-/vue-renderless-3.10.2.tgz",
      "integrity": "sha512-4C5n4GP+7WgmkRYS8uEJYL1bWj7Ug63+NFkged8VKMw2BDtw7UImG4uHlFdC76QTZDuIW4T2D+Z0Cayy6bRZpA==",
      "license": "MIT",
      "dependencies": {
        "xss": "1.0.11"
      }
    },
    "node_modules/@opentiny/vue-theme": {
      "version": "3.10.1",
      "resolved": "https://registry.npmmirror.com/@opentiny/vue-theme/-/vue-theme-3.10.1.tgz",
      "integrity": "sha512-/L1+gjRz/rDLXs5kXgZ76Tsj7LAmhONG98LBi3c2JYjWWmi1Vo9cRgZ6D2EeaA/OjGKqaFst0xn3j0bgGWpkWg==",
      "license": "MIT"
    },
    "node_modules/@opentiny/vue-theme-mobile": {
      "version": "3.10.1",
      "resolved": "https://registry.npmmirror.com/@opentiny/vue-theme-mobile/-/vue-theme-mobile-3.10.1.tgz",
      "integrity": "sha512-ISQ0Ddj5SJQqbchxaOW7Rs1GzS0kgDhW+YOcrbsPAmC9+ZwK0oxgTFv2S+RSX3y0juraTUZX8l1P5wRxCrCUCg==",
      "license": "MIT"
    },
    "node_modules/@opentiny/vue-tooltip": {
      "version": "3.10.1",
      "resolved": "https://registry.npmmirror.com/@opentiny/vue-tooltip/-/vue-tooltip-3.10.1.tgz",
      "integrity": "sha512-Em7FTYseNxnVjFCOhwED0hgxznN4JGjiZKgXWEnj6KFb1F07+azGxJvK1tyA7lqp152HKWSb31+Jn9ctr12u8Q==",
      "license": "MIT",
      "dependencies": {
        "@opentiny/vue-common": "~3.10.0",
        "@opentiny/vue-renderless": "~3.10.0"
      }
    },
    "node_modules/@opentiny/vue-tree": {
      "version": "3.10.0",
      "resolved": "https://registry.npmmirror.com/@opentiny/vue-tree/-/vue-tree-3.10.0.tgz",
      "integrity": "sha512-ecXbgOCPudIN1AAWuLdtKrdWw2dqMgR0FCkOsgj9X6YAAEsGsjOlPiFi+0C/37myuedAaLoNjwCKDIquRCm2jw==",
      "license": "MIT",
      "dependencies": {
        "@opentiny/vue-common": "~3.10.0",
        "@opentiny/vue-renderless": "~3.10.0"
      }
    },
    "node_modules/@opentiny/vue-tree-menu": {
      "version": "3.10.0",
      "resolved": "https://registry.npmmirror.com/@opentiny/vue-tree-menu/-/vue-tree-menu-3.10.0.tgz",
      "integrity": "sha512-ScgvFLXy9fjt7+q+gECa+Dzl/A3nI5hoRiG7rnL++FqVKxJMBwH3LcKWRapLyr2VB+1g/hEzvuHrqk1O90Et6g==",
      "license": "MIT",
      "dependencies": {
        "@opentiny/vue-common": "~3.10.0",
        "@opentiny/vue-input": "~3.10.0",
        "@opentiny/vue-locale": "~3.10.0",
        "@opentiny/vue-renderless": "~3.10.0",
        "@opentiny/vue-tree": "~3.10.0"
      }
    },
    "node_modules/@vitejs/plugin-vue": {
      "version": "4.3.3",
      "resolved": "https://registry.npmmirror.com/@vitejs/plugin-vue/-/plugin-vue-4.3.3.tgz",
      "integrity": "sha512-ssxyhIAZqB0TrpUg6R0cBpCuMk9jTIlO1GNSKKQD6S8VjnXi6JXKfUXjSsxey9IwQiaRGsO1WnW9Rkl1L6AJVw==",
      "dev": true,
      "license": "MIT",
      "engines": {
        "node": "^14.18.0 || >=16.0.0"
      },
      "peerDependencies": {
        "vite": "^4.0.0",
        "vue": "^3.2.25"
      }
    },
    "node_modules/@vue/compiler-core": {
      "version": "3.3.4",
      "resolved": "https://registry.npmmirror.com/@vue/compiler-core/-/compiler-core-3.3.4.tgz",
      "integrity": "sha512-cquyDNvZ6jTbf/+x+AgM2Arrp6G4Dzbb0R64jiG804HRMfRiFXWI6kqUVqZ6ZR0bQhIoQjB4+2bhNtVwndW15g==",
      "license": "MIT",
      "dependencies": {
        "@babel/parser": "^7.21.3",
        "@vue/shared": "3.3.4",
        "estree-walker": "^2.0.2",
        "source-map-js": "^1.0.2"
      }
    },
    "node_modules/@vue/compiler-dom": {
      "version": "3.3.4",
      "resolved": "https://registry.npmmirror.com/@vue/compiler-dom/-/compiler-dom-3.3.4.tgz",
      "integrity": "sha512-wyM+OjOVpuUukIq6p5+nwHYtj9cFroz9cwkfmP9O1nzH68BenTTv0u7/ndggT8cIQlnBeOo6sUT/gvHcIkLA5w==",
      "license": "MIT",
      "dependencies": {
        "@vue/compiler-core": "3.3.4",
        "@vue/shared": "3.3.4"
      }
    },
    "node_modules/@vue/compiler-sfc": {
      "version": "3.3.4",
      "resolved": "https://registry.npmmirror.com/@vue/compiler-sfc/-/compiler-sfc-3.3.4.tgz",
      "integrity": "sha512-6y/d8uw+5TkCuzBkgLS0v3lSM3hJDntFEiUORM11pQ/hKvkhSKZrXW6i69UyXlJQisJxuUEJKAWEqWbWsLeNKQ==",
      "license": "MIT",
      "dependencies": {
        "@babel/parser": "^7.20.15",
        "@vue/compiler-core": "3.3.4",
        "@vue/compiler-dom": "3.3.4",
        "@vue/compiler-ssr": "3.3.4",
        "@vue/reactivity-transform": "3.3.4",
        "@vue/shared": "3.3.4",
        "estree-walker": "^2.0.2",
        "magic-string": "^0.30.0",
        "postcss": "^8.1.10",
        "source-map-js": "^1.0.2"
      }
    },
    "node_modules/@vue/compiler-ssr": {
      "version": "3.3.4",
      "resolved": "https://registry.npmmirror.com/@vue/compiler-ssr/-/compiler-ssr-3.3.4.tgz",
      "integrity": "sha512-m0v6oKpup2nMSehwA6Uuu+j+wEwcy7QmwMkVNVfrV9P2qE5KshC6RwOCq8fjGS/Eak/uNb8AaWekfiXxbBB6gQ==",
      "license": "MIT",
      "dependencies": {
        "@vue/compiler-dom": "3.3.4",
        "@vue/shared": "3.3.4"
      }
    },
    "node_modules/@vue/devtools-api": {
      "version": "6.5.0",
      "resolved": "https://registry.npmmirror.com/@vue/devtools-api/-/devtools-api-6.5.0.tgz",
      "integrity": "sha512-o9KfBeaBmCKl10usN4crU53fYtC1r7jJwdGKjPT24t348rHxgfpZ0xL3Xm/gLUYnc0oTp8LAmrxOeLyu6tbk2Q==",
      "license": "MIT"
    },
    "node_modules/@vue/reactivity": {
      "version": "3.3.4",
      "resolved": "https://registry.npmmirror.com/@vue/reactivity/-/reactivity-3.3.4.tgz",
      "integrity": "sha512-kLTDLwd0B1jG08NBF3R5rqULtv/f8x3rOFByTDz4J53ttIQEDmALqKqXY0J+XQeN0aV2FBxY8nJDf88yvOPAqQ==",
      "license": "MIT",
      "dependencies": {
        "@vue/shared": "3.3.4"
      }
    },
    "node_modules/@vue/reactivity-transform": {
      "version": "3.3.4",
      "resolved": "https://registry.npmmirror.com/@vue/reactivity-transform/-/reactivity-transform-3.3.4.tgz",
      "integrity": "sha512-MXgwjako4nu5WFLAjpBnCj/ieqcjE2aJBINUNQzkZQfzIZA4xn+0fV1tIYBJvvva3N3OvKGofRLvQIwEQPpaXw==",
      "license": "MIT",
      "dependencies": {
        "@babel/parser": "^7.20.15",
        "@vue/compiler-core": "3.3.4",
        "@vue/shared": "3.3.4",
        "estree-walker": "^2.0.2",
        "magic-string": "^0.30.0"
      }
    },
    "node_modules/@vue/runtime-core": {
      "version": "3.3.4",
      "resolved": "https://registry.npmmirror.com/@vue/runtime-core/-/runtime-core-3.3.4.tgz",
      "integrity": "sha512-R+bqxMN6pWO7zGI4OMlmvePOdP2c93GsHFM/siJI7O2nxFRzj55pLwkpCedEY+bTMgp5miZ8CxfIZo3S+gFqvA==",
      "license": "MIT",
      "dependencies": {
        "@vue/reactivity": "3.3.4",
        "@vue/shared": "3.3.4"
      }
    },
    "node_modules/@vue/runtime-dom": {
      "version": "3.3.4",
      "resolved": "https://registry.npmmirror.com/@vue/runtime-dom/-/runtime-dom-3.3.4.tgz",
      "integrity": "sha512-Aj5bTJ3u5sFsUckRghsNjVTtxZQ1OyMWCr5dZRAPijF/0Vy4xEoRCwLyHXcj4D0UFbJ4lbx3gPTgg06K/GnPnQ==",
      "license": "MIT",
      "dependencies": {
        "@vue/runtime-core": "3.3.4",
        "@vue/shared": "3.3.4",
        "csstype": "^3.1.1"
      }
    },
    "node_modules/@vue/server-renderer": {
      "version": "3.3.4",
      "resolved": "https://registry.npmmirror.com/@vue/server-renderer/-/server-renderer-3.3.4.tgz",
      "integrity": "sha512-Q6jDDzR23ViIb67v+vM1Dqntu+HUexQcsWKhhQa4ARVzxOY2HbC7QRW/ggkDBd5BU+uM1sV6XOAP0b216o34JQ==",
      "license": "MIT",
      "dependencies": {
        "@vue/compiler-ssr": "3.3.4",
        "@vue/shared": "3.3.4"
      },
      "peerDependencies": {
        "vue": "3.3.4"
      }
    },
    "node_modules/@vue/shared": {
      "version": "3.3.4",
      "resolved": "https://registry.npmmirror.com/@vue/shared/-/shared-3.3.4.tgz",
      "integrity": "sha512-7OjdcV8vQ74eiz1TZLzZP4JwqM5fA94K6yntPS5Z25r9HDuGNzaGdgvwKYq6S+MxwF0TFRwe50fIR/MYnakdkQ==",
      "license": "MIT"
    },
    "node_modules/commander": {
      "version": "2.20.3",
      "resolved": "https://registry.npmmirror.com/commander/-/commander-2.20.3.tgz",
      "integrity": "sha512-GpVkmM8vF2vQUkj2LvZmD35JxeJOLCwJ9cUkugyk2nuhbv3+mJvpLYYt+0+USMxE+oj+ey/lJEnhZw75x/OMcQ==",
      "license": "MIT"
    },
    "node_modules/cssfilter": {
      "version": "0.0.10",
      "resolved": "https://registry.npmmirror.com/cssfilter/-/cssfilter-0.0.10.tgz",
      "integrity": "sha512-FAaLDaplstoRsDR8XGYH51znUN0UY7nMc6Z9/fvE8EXGwvJE9hu7W2vHwx1+bd6gCYnln9nLbzxFTrcO9YQDZw==",
      "license": "MIT"
    },
    "node_modules/csstype": {
      "version": "3.1.2",
      "resolved": "https://registry.npmmirror.com/csstype/-/csstype-3.1.2.tgz",
      "integrity": "sha512-I7K1Uu0MBPzaFKg4nI5Q7Vs2t+3gWWW648spaF+Rg7pI9ds18Ugn+lvg4SHczUdKlHI5LWBXyqfS8+DufyBsgQ==",
      "license": "MIT"
    },
    "node_modules/esbuild": {
      "version": "0.18.20",
      "resolved": "https://registry.npmmirror.com/esbuild/-/esbuild-0.18.20.tgz",
      "integrity": "sha512-ceqxoedUrcayh7Y7ZX6NdbbDzGROiyVBgC4PriJThBKSVPWnnFHZAkfI1lJT8QFkOwH4qOS2SJkS4wvpGl8BpA==",
      "dev": true,
      "hasInstallScript": true,
      "license": "MIT",
      "bin": {
        "esbuild": "bin/esbuild"
      },
      "engines": {
        "node": ">=12"
      },
      "optionalDependencies": {
        "@esbuild/android-arm": "0.18.20",
        "@esbuild/android-arm64": "0.18.20",
        "@esbuild/android-x64": "0.18.20",
        "@esbuild/darwin-arm64": "0.18.20",
        "@esbuild/darwin-x64": "0.18.20",
        "@esbuild/freebsd-arm64": "0.18.20",
        "@esbuild/freebsd-x64": "0.18.20",
        "@esbuild/linux-arm": "0.18.20",
        "@esbuild/linux-arm64": "0.18.20",
        "@esbuild/linux-ia32": "0.18.20",
        "@esbuild/linux-loong64": "0.18.20",
        "@esbuild/linux-mips64el": "0.18.20",
        "@esbuild/linux-ppc64": "0.18.20",
        "@esbuild/linux-riscv64": "0.18.20",
        "@esbuild/linux-s390x": "0.18.20",
        "@esbuild/linux-x64": "0.18.20",
        "@esbuild/netbsd-x64": "0.18.20",
        "@esbuild/openbsd-x64": "0.18.20",
        "@esbuild/sunos-x64": "0.18.20",
        "@esbuild/win32-arm64": "0.18.20",
        "@esbuild/win32-ia32": "0.18.20",
        "@esbuild/win32-x64": "0.18.20"
      }
    },
    "node_modules/estree-walker": {
      "version": "2.0.2",
      "resolved": "https://registry.npmmirror.com/estree-walker/-/estree-walker-2.0.2.tgz",
      "integrity": "sha512-Rfkk/Mp/DL7JVje3u18FxFujQlTNR2q6QfMSMB7AvCBx91NGj/ba3kCfza0f6dVDbw7YlRf/nDrn7pQrCCyQ/w==",
      "license": "MIT"
    },
    "node_modules/magic-string": {
      "version": "0.30.3",
      "resolved": "https://registry.npmmirror.com/magic-string/-/magic-string-0.30.3.tgz",
      "integrity": "sha512-B7xGbll2fG/VjP+SWg4sX3JynwIU0mjoTc6MPpKNuIvftk6u6vqhDnk1R80b8C2GBR6ywqy+1DcKBrevBg+bmw==",
      "license": "MIT",
      "dependencies": {
        "@jridgewell/sourcemap-codec": "^1.4.15"
      },
      "engines": {
        "node": ">=12"
      }
    },
    "node_modules/mdn-polyfills": {
      "version": "5.20.0",
      "resolved": "https://registry.npmmirror.com/mdn-polyfills/-/mdn-polyfills-5.20.0.tgz",
      "integrity": "sha512-AbTv1ytcoOUAkxw6u5oo2QPf27kEZgxBAQr49jFb4i2VnTnFGfJbcIQ9UDBOdfNECeXsgkYFwB2BkdeTfOzztw==",
      "license": "MIT"
    },
    "node_modules/mdui": {
      "version": "1.0.2",
      "resolved": "https://registry.npmmirror.com/mdui/-/mdui-1.0.2.tgz",
      "integrity": "sha512-LIaDjVjzyPY8PUjlhCXiE4mOXinh+jv38H/zsrR00/Y9OWzdncPlvir3mzZGuxT4sh9rHOrh06zfsOPoBjIhzA==",
      "license": "MIT",
      "dependencies": {
        "mdn-polyfills": "^5.20.0",
        "mdui.jq": "^2.0.1",
        "normalize.css": "^8.0.1",
        "promise-polyfill": "^8.2.0"
      },
      "engines": {
        "node": ">=14"
      }
    },
    "node_modules/mdui.jq": {
      "version": "2.0.1",
      "resolved": "https://registry.npmmirror.com/mdui.jq/-/mdui.jq-2.0.1.tgz",
      "integrity": "sha512-BNT4q/4gAqDYVNUVHmYoJoIu04Rmz0Ow0j38VwZgIahWphpyDdOxReQZzMUGDizXZUJ0+r+JpdKVxKMVP27VAg==",
      "license": "MIT",
      "dependencies": {
        "mdn-polyfills": "^5.20.0",
        "promise-polyfill": "^8.2.0"
      },
      "engines": {
        "node": ">=14"
      }
    },
    "node_modules/nanoid": {
      "version": "3.3.6",
      "resolved": "https://registry.npmmirror.com/nanoid/-/nanoid-3.3.6.tgz",
      "integrity": "sha512-BGcqMMJuToF7i1rt+2PWSNVnWIkGCU78jBG3RxO/bZlnZPK2Cmi2QaffxGO/2RvWi9sL+FAiRiXMgsyxQ1DIDA==",
      "funding": [
        {
          "type": "github",
          "url": "https://github.com/sponsors/ai"
        }
      ],
      "license": "MIT",
      "bin": {
        "nanoid": "bin/nanoid.cjs"
      },
      "engines": {
        "node": "^10 || ^12 || ^13.7 || ^14 || >=15.0.1"
      }
    },
    "node_modules/normalize.css": {
      "version": "8.0.1",
      "resolved": "https://registry.npmmirror.com/normalize.css/-/normalize.css-8.0.1.tgz",
      "integrity": "sha512-qizSNPO93t1YUuUhP22btGOo3chcvDFqFaj2TRybP0DMxkHOCTYwp3n34fel4a31ORXy4m1Xq0Gyqpb5m33qIg==",
      "license": "MIT"
    },
    "node_modules/picocolors": {
      "version": "1.0.0",
      "resolved": "https://registry.npmmirror.com/picocolors/-/picocolors-1.0.0.tgz",
      "integrity": "sha512-1fygroTLlHu66zi26VoTDv8yRgm0Fccecssto+MhsZ0D/DGW2sm8E8AjW7NU5VVTRt5GxbeZ5qBuJr+HyLYkjQ==",
      "license": "ISC"
    },
    "node_modules/postcss": {
      "version": "8.4.28",
      "resolved": "https://registry.npmmirror.com/postcss/-/postcss-8.4.28.tgz",
      "integrity": "sha512-Z7V5j0cq8oEKyejIKfpD8b4eBy9cwW2JWPk0+fB1HOAMsfHbnAXLLS+PfVWlzMSLQaWttKDt607I0XHmpE67Vw==",
      "funding": [
        {
          "type": "opencollective",
          "url": "https://opencollective.com/postcss/"
        },
        {
          "type": "tidelift",
          "url": "https://tidelift.com/funding/github/npm/postcss"
        },
        {
          "type": "github",
          "url": "https://github.com/sponsors/ai"
        }
      ],
      "license": "MIT",
      "dependencies": {
        "nanoid": "^3.3.6",
        "picocolors": "^1.0.0",
        "source-map-js": "^1.0.2"
      },
      "engines": {
        "node": "^10 || ^12 || >=14"
      }
    },
    "node_modules/promise-polyfill": {
      "version": "8.3.0",
      "resolved": "https://registry.npmmirror.com/promise-polyfill/-/promise-polyfill-8.3.0.tgz",
      "integrity": "sha512-H5oELycFml5yto/atYqmjyigJoAo3+OXwolYiH7OfQuYlAqhxNvTfiNMbV9hsC6Yp83yE5r2KTVmtrG6R9i6Pg==",
      "license": "MIT"
    },
    "node_modules/rollup": {
      "version": "3.28.1",
      "resolved": "https://registry.npmmirror.com/rollup/-/rollup-3.28.1.tgz",
      "integrity": "sha512-R9OMQmIHJm9znrU3m3cpE8uhN0fGdXiawME7aZIpQqvpS/85+Vt1Hq1/yVIcYfOmaQiHjvXkQAoJukvLpau6Yw==",
      "dev": true,
      "license": "MIT",
      "bin": {
        "rollup": "dist/bin/rollup"
      },
      "engines": {
        "node": ">=14.18.0",
        "npm": ">=8.0.0"
      },
      "optionalDependencies": {
        "fsevents": "~2.3.2"
      }
    },
    "node_modules/source-map-js": {
      "version": "1.0.2",
      "resolved": "https://registry.npmmirror.com/source-map-js/-/source-map-js-1.0.2.tgz",
      "integrity": "sha512-R0XvVJ9WusLiqTCEiGCmICCMplcCkIwwR11mOSD9CR5u+IXYdiseeEuXCVAjS54zqwkLcPNnmU4OeJ6tUrWhDw==",
      "license": "BSD-3-Clause",
      "engines": {
        "node": ">=0.10.0"
      }
    },
    "node_modules/tailwind-merge": {
      "version": "1.14.0",
      "resolved": "https://registry.npmmirror.com/tailwind-merge/-/tailwind-merge-1.14.0.tgz",
      "integrity": "sha512-3mFKyCo/MBcgyOTlrY8T7odzZFx+w+qKSMAmdFzRvqBfLlSigU6TZnlFHK0lkMwj9Bj8OYU+9yW9lmGuS0QEnQ==",
      "license": "MIT",
      "funding": {
        "type": "github",
        "url": "https://github.com/sponsors/dcastil"
      }
    },
    "node_modules/vite": {
      "version": "4.4.9",
      "resolved": "https://registry.npmmirror.com/vite/-/vite-4.4.9.tgz",
      "integrity": "sha512-2mbUn2LlUmNASWwSCNSJ/EG2HuSRTnVNaydp6vMCm5VIqJsjMfbIWtbH2kDuwUVW5mMUKKZvGPX/rqeqVvv1XA==",
      "dev": true,
      "license": "MIT",
      "dependencies": {
        "esbuild": "^0.18.10",
        "postcss": "^8.4.27",
        "rollup": "^3.27.1"
      },
      "bin": {
        "vite": "bin/vite.js"
      },
      "engines": {
        "node": "^14.18.0 || >=16.0.0"
      },
      "funding": {
        "url": "https://github.com/vitejs/vite?sponsor=1"
      },
      "optionalDependencies": {
        "fsevents": "~2.3.2"
      },
      "peerDependencies": {
        "@types/node": ">= 14",
        "less": "*",
        "lightningcss": "^1.21.0",
        "sass": "*",
        "stylus": "*",
        "sugarss": "*",
        "terser": "^5.4.0"
      },
      "peerDependenciesMeta": {
        "@types/node": {
          "optional": true
        },
        "less": {
          "optional": true
        },
        "lightningcss": {
          "optional": true
        },
        "sass": {
          "optional": true
        },
        "stylus": {
          "optional": true
        },
        "sugarss": {
          "optional": true
        },
        "terser": {
          "optional": true
        }
      }
    },
    "node_modules/vue": {
      "version": "3.3.4",
      "resolved": "https://registry.npmmirror.com/vue/-/vue-3.3.4.tgz",
      "integrity": "sha512-VTyEYn3yvIeY1Py0WaYGZsXnz3y5UnGi62GjVEqvEGPl6nxbOrCXbVOTQWBEJUqAyTUk2uJ5JLVnYJ6ZzGbrSw==",
      "license": "MIT",
      "dependencies": {
        "@vue/compiler-dom": "3.3.4",
        "@vue/compiler-sfc": "3.3.4",
        "@vue/runtime-dom": "3.3.4",
        "@vue/server-renderer": "3.3.4",
        "@vue/shared": "3.3.4"
      }
    },
    "node_modules/vue-router": {
      "version": "4.2.4",
      "resolved": "https://registry.npmmirror.com/vue-router/-/vue-router-4.2.4.tgz",
      "integrity": "sha512-9PISkmaCO02OzPVOMq2w82ilty6+xJmQrarYZDkjZBfl4RvYAlt4PKnEX21oW4KTtWfa9OuO/b3qk1Od3AEdCQ==",
      "license": "MIT",
      "dependencies": {
        "@vue/devtools-api": "^6.5.0"
      },
      "funding": {
        "url": "https://github.com/sponsors/posva"
      },
      "peerDependencies": {
        "vue": "^3.2.0"
      }
    },
    "node_modules/xss": {
      "version": "1.0.11",
      "resolved": "https://registry.npmmirror.com/xss/-/xss-1.0.11.tgz",
      "integrity": "sha512-EimjrjThZeK2MO7WKR9mN5ZC1CSqivSl55wvUK5EtU6acf0rzEE1pN+9ZDrFXJ82BRp3JL38pPE6S4o/rpp1zQ==",
      "license": "MIT",
      "dependencies": {
        "commander": "^2.20.3",
        "cssfilter": "0.0.10"
      },
      "bin": {
        "xss": "bin/xss"
      },
      "engines": {
        "node": ">= 0.10.0"
      }
    }
  },
  "dependencies": {
    "@babel/parser": {
      "version": "7.22.10",
      "resolved": "https://registry.npmmirror.com/@babel/parser/-/parser-7.22.10.tgz",
      "integrity": "sha512-lNbdGsQb9ekfsnjFGhEiF4hfFqGgfOP3H3d27re3n+CGhNuTSUEQdfWk556sTLNTloczcdM5TYF2LhzmDQKyvQ=="
    },
    "@better-scroll/core": {
      "version": "2.5.0",
      "resolved": "https://registry.npmmirror.com/@better-scroll/core/-/core-2.5.0.tgz",
      "integrity": "sha512-+3aKf8T3kUl4Gj1M7NKV3fNFhsrBpTWwHoDClkXVmQ8S3TxMMHf6Kyw6l1zKsg4r+9ukW5lDDkyif7/gY76qXQ==",
      "requires": {
        "@better-scroll/shared-utils": "^2.5.0"
      }
    },
    "@better-scroll/shared-utils": {
      "version": "2.5.1",
      "resolved": "https://registry.npmmirror.com/@better-scroll/shared-utils/-/shared-utils-2.5.1.tgz",
      "integrity": "sha512-AplkfSjXVYP9LZiD6JsKgmgQJ/mG4uuLmBuwLz8W5OsYc7AYTfN8kw6GqZ5OwCGoXkVhBGyd8NeC4xwYItp0aw=="
    },
    "@esbuild/win32-x64": {
      "version": "0.18.20",
      "resolved": "https://registry.npmmirror.com/@esbuild/win32-x64/-/win32-x64-0.18.20.tgz",
      "integrity": "sha512-kTdfRcSiDfQca/y9QIkng02avJ+NCaQvrMejlsB3RRv5sE9rRoeBPISaZpKxHELzRxZyLvNts1P27W3wV+8geQ==",
      "dev": true,
      "optional": true
    },
    "@jridgewell/sourcemap-codec": {
      "version": "1.4.15",
      "resolved": "https://registry.npmmirror.com/@jridgewell/sourcemap-codec/-/sourcemap-codec-1.4.15.tgz",
      "integrity": "sha512-eF2rxCRulEKXHTRiDrDy6erMYWqNw4LPdQ8UQA4huuxaQsVeRPFl2oM8oDGxMFhJUWZf9McpLtJasDDZb/Bpeg=="
    },
    "@opentiny/vue-action-sheet": {
      "version": "3.10.0",
      "resolved": "https://registry.npmmirror.com/@opentiny/vue-action-sheet/-/vue-action-sheet-3.10.0.tgz",
      "integrity": "sha512-0Va45Y5AgeKyCx5sj2I3AvoTAJ7OByHbpuvlVTAnUg5dCEMlPnepGR0tv2+wJaw17p/lldgByUAvX7KkiNWh6A==",
      "requires": {
        "@better-scroll/core": "2.5.0",
        "@opentiny/vue-common": "~3.10.0",
        "@opentiny/vue-drawer": "~3.10.0",
        "@opentiny/vue-icon": "~3.10.0",
        "@opentiny/vue-renderless": "~3.10.0"
      }
    },
    "@opentiny/vue-button": {
      "version": "3.10.0",
      "resolved": "https://registry.npmmirror.com/@opentiny/vue-button/-/vue-button-3.10.0.tgz",
      "integrity": "sha512-shJb2GmLBx4uTo+FpYnbJ7SBmmZfPhBa/IT9F1oLrc44PwFfdPK7+wLQUDO4QEZxXa9mXXPq/ou/vD+aXa9kKg==",
      "requires": {
        "@opentiny/vue-common": "~3.10.0",
        "@opentiny/vue-icon": "~3.10.0",
        "@opentiny/vue-renderless": "~3.10.0"
      }
    },
    "@opentiny/vue-common": {
      "version": "3.10.0",
      "resolved": "https://registry.npmmirror.com/@opentiny/vue-common/-/vue-common-3.10.0.tgz",
      "integrity": "sha512-UdrIWO134P4I5ODaaOYx1qIYNw8iNkMiMxliadAGB3o2yvCYiIkz9w+6PPEGLNVr0BP0LyJrNxH+9o9LTDu/NQ==",
      "requires": {
        "@opentiny/vue-locale": "~3.10.0",
        "@opentiny/vue-renderless": "~3.10.0",
        "@opentiny/vue-theme": "~3.10.0",
        "@opentiny/vue-theme-mobile": "~3.10.0",
        "tailwind-merge": "^1.8.0"
      }
    },
    "@opentiny/vue-drawer": {
      "version": "3.10.0",
      "resolved": "https://registry.npmmirror.com/@opentiny/vue-drawer/-/vue-drawer-3.10.0.tgz",
      "integrity": "sha512-xSwBLXjfju4/Sxn8opNV8cdjkWp/mEXd3jo7lGCiWUgrtYNXTxCehbD6zJzDwsWu57OuhMWyEe47ZZuMjx85Kw==",
      "requires": {
        "@opentiny/vue-button": "~3.10.0",
        "@opentiny/vue-common": "~3.10.0",
        "@opentiny/vue-renderless": "~3.10.0"
      }
    },
    "@opentiny/vue-icon": {
      "version": "3.10.0",
      "resolved": "https://registry.npmmirror.com/@opentiny/vue-icon/-/vue-icon-3.10.0.tgz",
      "integrity": "sha512-x/sR740iXejCGqz11QFBfhTKQmc0/blii54721Ak8ZUuc2eq11k5iDiev3escApqw4eaAVNYrHPfe2CiXOL7cA==",
      "requires": {
        "@opentiny/vue-common": "~3.10.0",
        "@opentiny/vue-theme": "~3.10.0"
      }
    },
    "@opentiny/vue-input": {
      "version": "3.10.0",
      "resolved": "https://registry.npmmirror.com/@opentiny/vue-input/-/vue-input-3.10.0.tgz",
      "integrity": "sha512-c9TadWXwvWaQPsKo/5mJyFyH8I5gtaRzbJQ1DPYcyFI6K+PKV//tFERhi/UBFUjVNHhMq97LviexBfRGRxbkzA==",
      "requires": {
        "@opentiny/vue-action-sheet": "~3.10.0",
        "@opentiny/vue-common": "~3.10.0",
        "@opentiny/vue-icon": "~3.10.0",
        "@opentiny/vue-renderless": "~3.10.0",
        "@opentiny/vue-tooltip": "~3.10.0"
      }
    },
    "@opentiny/vue-locale": {
      "version": "3.10.0",
      "resolved": "https://registry.npmmirror.com/@opentiny/vue-locale/-/vue-locale-3.10.0.tgz",
      "integrity": "sha512-PGkK1WXNy72r/GKOvEdTlmSGDr+OLjSUiI4NewNzudg0qu2qNE7uxUzWRLEBnNvEzv72ZDXiKJksNFZ3xpUQfg==",
      "requires": {
        "@opentiny/vue-renderless": "~3.10.0",
        "@opentiny/vue-theme": "~3.10.0",
        "@opentiny/vue-theme-mobile": "~3.10.0"
      }
    },
    "@opentiny/vue-renderless": {
      "version": "3.10.2",
      "resolved": "https://registry.npmmirror.com/@opentiny/vue-renderless/-/vue-renderless-3.10.2.tgz",
      "integrity": "sha512-4C5n4GP+7WgmkRYS8uEJYL1bWj7Ug63+NFkged8VKMw2BDtw7UImG4uHlFdC76QTZDuIW4T2D+Z0Cayy6bRZpA==",
      "requires": {
        "xss": "1.0.11"
      }
    },
    "@opentiny/vue-theme": {
      "version": "3.10.1",
      "resolved": "https://registry.npmmirror.com/@opentiny/vue-theme/-/vue-theme-3.10.1.tgz",
      "integrity": "sha512-/L1+gjRz/rDLXs5kXgZ76Tsj7LAmhONG98LBi3c2JYjWWmi1Vo9cRgZ6D2EeaA/OjGKqaFst0xn3j0bgGWpkWg=="
    },
    "@opentiny/vue-theme-mobile": {
      "version": "3.10.1",
      "resolved": "https://registry.npmmirror.com/@opentiny/vue-theme-mobile/-/vue-theme-mobile-3.10.1.tgz",
      "integrity": "sha512-ISQ0Ddj5SJQqbchxaOW7Rs1GzS0kgDhW+YOcrbsPAmC9+ZwK0oxgTFv2S+RSX3y0juraTUZX8l1P5wRxCrCUCg=="
    },
    "@opentiny/vue-tooltip": {
      "version": "3.10.1",
      "resolved": "https://registry.npmmirror.com/@opentiny/vue-tooltip/-/vue-tooltip-3.10.1.tgz",
      "integrity": "sha512-Em7FTYseNxnVjFCOhwED0hgxznN4JGjiZKgXWEnj6KFb1F07+azGxJvK1tyA7lqp152HKWSb31+Jn9ctr12u8Q==",
      "requires": {
        "@opentiny/vue-common": "~3.10.0",
        "@opentiny/vue-renderless": "~3.10.0"
      }
    },
    "@opentiny/vue-tree": {
      "version": "3.10.0",
      "resolved": "https://registry.npmmirror.com/@opentiny/vue-tree/-/vue-tree-3.10.0.tgz",
      "integrity": "sha512-ecXbgOCPudIN1AAWuLdtKrdWw2dqMgR0FCkOsgj9X6YAAEsGsjOlPiFi+0C/37myuedAaLoNjwCKDIquRCm2jw==",
      "requires": {
        "@opentiny/vue-common": "~3.10.0",
        "@opentiny/vue-renderless": "~3.10.0"
      }
    },
    "@opentiny/vue-tree-menu": {
      "version": "3.10.0",
      "resolved": "https://registry.npmmirror.com/@opentiny/vue-tree-menu/-/vue-tree-menu-3.10.0.tgz",
      "integrity": "sha512-ScgvFLXy9fjt7+q+gECa+Dzl/A3nI5hoRiG7rnL++FqVKxJMBwH3LcKWRapLyr2VB+1g/hEzvuHrqk1O90Et6g==",
      "requires": {
        "@opentiny/vue-common": "~3.10.0",
        "@opentiny/vue-input": "~3.10.0",
        "@opentiny/vue-locale": "~3.10.0",
        "@opentiny/vue-renderless": "~3.10.0",
        "@opentiny/vue-tree": "~3.10.0"
      }
    },
    "@vitejs/plugin-vue": {
      "version": "4.3.3",
      "resolved": "https://registry.npmmirror.com/@vitejs/plugin-vue/-/plugin-vue-4.3.3.tgz",
      "integrity": "sha512-ssxyhIAZqB0TrpUg6R0cBpCuMk9jTIlO1GNSKKQD6S8VjnXi6JXKfUXjSsxey9IwQiaRGsO1WnW9Rkl1L6AJVw==",
      "dev": true,
      "requires": {}
    },
    "@vue/compiler-core": {
      "version": "3.3.4",
      "resolved": "https://registry.npmmirror.com/@vue/compiler-core/-/compiler-core-3.3.4.tgz",
      "integrity": "sha512-cquyDNvZ6jTbf/+x+AgM2Arrp6G4Dzbb0R64jiG804HRMfRiFXWI6kqUVqZ6ZR0bQhIoQjB4+2bhNtVwndW15g==",
      "requires": {
        "@babel/parser": "^7.21.3",
        "@vue/shared": "3.3.4",
        "estree-walker": "^2.0.2",
        "source-map-js": "^1.0.2"
      }
    },
    "@vue/compiler-dom": {
      "version": "3.3.4",
      "resolved": "https://registry.npmmirror.com/@vue/compiler-dom/-/compiler-dom-3.3.4.tgz",
      "integrity": "sha512-wyM+OjOVpuUukIq6p5+nwHYtj9cFroz9cwkfmP9O1nzH68BenTTv0u7/ndggT8cIQlnBeOo6sUT/gvHcIkLA5w==",
      "requires": {
        "@vue/compiler-core": "3.3.4",
        "@vue/shared": "3.3.4"
      }
    },
    "@vue/compiler-sfc": {
      "version": "3.3.4",
      "resolved": "https://registry.npmmirror.com/@vue/compiler-sfc/-/compiler-sfc-3.3.4.tgz",
      "integrity": "sha512-6y/d8uw+5TkCuzBkgLS0v3lSM3hJDntFEiUORM11pQ/hKvkhSKZrXW6i69UyXlJQisJxuUEJKAWEqWbWsLeNKQ==",
      "requires": {
        "@babel/parser": "^7.20.15",
        "@vue/compiler-core": "3.3.4",
        "@vue/compiler-dom": "3.3.4",
        "@vue/compiler-ssr": "3.3.4",
        "@vue/reactivity-transform": "3.3.4",
        "@vue/shared": "3.3.4",
        "estree-walker": "^2.0.2",
        "magic-string": "^0.30.0",
        "postcss": "^8.1.10",
        "source-map-js": "^1.0.2"
      }
    },
    "@vue/compiler-ssr": {
      "version": "3.3.4",
      "resolved": "https://registry.npmmirror.com/@vue/compiler-ssr/-/compiler-ssr-3.3.4.tgz",
      "integrity": "sha512-m0v6oKpup2nMSehwA6Uuu+j+wEwcy7QmwMkVNVfrV9P2qE5KshC6RwOCq8fjGS/Eak/uNb8AaWekfiXxbBB6gQ==",
      "requires": {
        "@vue/compiler-dom": "3.3.4",
        "@vue/shared": "3.3.4"
      }
    },
    "@vue/devtools-api": {
      "version": "6.5.0",
      "resolved": "https://registry.npmmirror.com/@vue/devtools-api/-/devtools-api-6.5.0.tgz",
      "integrity": "sha512-o9KfBeaBmCKl10usN4crU53fYtC1r7jJwdGKjPT24t348rHxgfpZ0xL3Xm/gLUYnc0oTp8LAmrxOeLyu6tbk2Q=="
    },
    "@vue/reactivity": {
      "version": "3.3.4",
      "resolved": "https://registry.npmmirror.com/@vue/reactivity/-/reactivity-3.3.4.tgz",
      "integrity": "sha512-kLTDLwd0B1jG08NBF3R5rqULtv/f8x3rOFByTDz4J53ttIQEDmALqKqXY0J+XQeN0aV2FBxY8nJDf88yvOPAqQ==",
      "requires": {
        "@vue/shared": "3.3.4"
      }
    },
    "@vue/reactivity-transform": {
      "version": "3.3.4",
      "resolved": "https://registry.npmmirror.com/@vue/reactivity-transform/-/reactivity-transform-3.3.4.tgz",
      "integrity": "sha512-MXgwjako4nu5WFLAjpBnCj/ieqcjE2aJBINUNQzkZQfzIZA4xn+0fV1tIYBJvvva3N3OvKGofRLvQIwEQPpaXw==",
      "requires": {
        "@babel/parser": "^7.20.15",
        "@vue/compiler-core": "3.3.4",
        "@vue/shared": "3.3.4",
        "estree-walker": "^2.0.2",
        "magic-string": "^0.30.0"
      }
    },
    "@vue/runtime-core": {
      "version": "3.3.4",
      "resolved": "https://registry.npmmirror.com/@vue/runtime-core/-/runtime-core-3.3.4.tgz",
      "integrity": "sha512-R+bqxMN6pWO7zGI4OMlmvePOdP2c93GsHFM/siJI7O2nxFRzj55pLwkpCedEY+bTMgp5miZ8CxfIZo3S+gFqvA==",
      "requires": {
        "@vue/reactivity": "3.3.4",
        "@vue/shared": "3.3.4"
      }
    },
    "@vue/runtime-dom": {
      "version": "3.3.4",
      "resolved": "https://registry.npmmirror.com/@vue/runtime-dom/-/runtime-dom-3.3.4.tgz",
      "integrity": "sha512-Aj5bTJ3u5sFsUckRghsNjVTtxZQ1OyMWCr5dZRAPijF/0Vy4xEoRCwLyHXcj4D0UFbJ4lbx3gPTgg06K/GnPnQ==",
      "requires": {
        "@vue/runtime-core": "3.3.4",
        "@vue/shared": "3.3.4",
        "csstype": "^3.1.1"
      }
    },
    "@vue/server-renderer": {
      "version": "3.3.4",
      "resolved": "https://registry.npmmirror.com/@vue/server-renderer/-/server-renderer-3.3.4.tgz",
      "integrity": "sha512-Q6jDDzR23ViIb67v+vM1Dqntu+HUexQcsWKhhQa4ARVzxOY2HbC7QRW/ggkDBd5BU+uM1sV6XOAP0b216o34JQ==",
      "requires": {
        "@vue/compiler-ssr": "3.3.4",
        "@vue/shared": "3.3.4"
      }
    },
    "@vue/shared": {
      "version": "3.3.4",
      "resolved": "https://registry.npmmirror.com/@vue/shared/-/shared-3.3.4.tgz",
      "integrity": "sha512-7OjdcV8vQ74eiz1TZLzZP4JwqM5fA94K6yntPS5Z25r9HDuGNzaGdgvwKYq6S+MxwF0TFRwe50fIR/MYnakdkQ=="
    },
    "commander": {
      "version": "2.20.3",
      "resolved": "https://registry.npmmirror.com/commander/-/commander-2.20.3.tgz",
      "integrity": "sha512-GpVkmM8vF2vQUkj2LvZmD35JxeJOLCwJ9cUkugyk2nuhbv3+mJvpLYYt+0+USMxE+oj+ey/lJEnhZw75x/OMcQ=="
    },
    "cssfilter": {
      "version": "0.0.10",
      "resolved": "https://registry.npmmirror.com/cssfilter/-/cssfilter-0.0.10.tgz",
      "integrity": "sha512-FAaLDaplstoRsDR8XGYH51znUN0UY7nMc6Z9/fvE8EXGwvJE9hu7W2vHwx1+bd6gCYnln9nLbzxFTrcO9YQDZw=="
    },
    "csstype": {
      "version": "3.1.2",
      "resolved": "https://registry.npmmirror.com/csstype/-/csstype-3.1.2.tgz",
      "integrity": "sha512-I7K1Uu0MBPzaFKg4nI5Q7Vs2t+3gWWW648spaF+Rg7pI9ds18Ugn+lvg4SHczUdKlHI5LWBXyqfS8+DufyBsgQ=="
    },
    "esbuild": {
      "version": "0.18.20",
      "resolved": "https://registry.npmmirror.com/esbuild/-/esbuild-0.18.20.tgz",
      "integrity": "sha512-ceqxoedUrcayh7Y7ZX6NdbbDzGROiyVBgC4PriJThBKSVPWnnFHZAkfI1lJT8QFkOwH4qOS2SJkS4wvpGl8BpA==",
      "dev": true,
      "requires": {
        "@esbuild/android-arm": "0.18.20",
        "@esbuild/android-arm64": "0.18.20",
        "@esbuild/android-x64": "0.18.20",
        "@esbuild/darwin-arm64": "0.18.20",
        "@esbuild/darwin-x64": "0.18.20",
        "@esbuild/freebsd-arm64": "0.18.20",
        "@esbuild/freebsd-x64": "0.18.20",
        "@esbuild/linux-arm": "0.18.20",
        "@esbuild/linux-arm64": "0.18.20",
        "@esbuild/linux-ia32": "0.18.20",
        "@esbuild/linux-loong64": "0.18.20",
        "@esbuild/linux-mips64el": "0.18.20",
        "@esbuild/linux-ppc64": "0.18.20",
        "@esbuild/linux-riscv64": "0.18.20",
        "@esbuild/linux-s390x": "0.18.20",
        "@esbuild/linux-x64": "0.18.20",
        "@esbuild/netbsd-x64": "0.18.20",
        "@esbuild/openbsd-x64": "0.18.20",
        "@esbuild/sunos-x64": "0.18.20",
        "@esbuild/win32-arm64": "0.18.20",
        "@esbuild/win32-ia32": "0.18.20",
        "@esbuild/win32-x64": "0.18.20"
      }
    },
    "estree-walker": {
      "version": "2.0.2",
      "resolved": "https://registry.npmmirror.com/estree-walker/-/estree-walker-2.0.2.tgz",
      "integrity": "sha512-Rfkk/Mp/DL7JVje3u18FxFujQlTNR2q6QfMSMB7AvCBx91NGj/ba3kCfza0f6dVDbw7YlRf/nDrn7pQrCCyQ/w=="
    },
    "magic-string": {
      "version": "0.30.3",
      "resolved": "https://registry.npmmirror.com/magic-string/-/magic-string-0.30.3.tgz",
      "integrity": "sha512-B7xGbll2fG/VjP+SWg4sX3JynwIU0mjoTc6MPpKNuIvftk6u6vqhDnk1R80b8C2GBR6ywqy+1DcKBrevBg+bmw==",
      "requires": {
        "@jridgewell/sourcemap-codec": "^1.4.15"
      }
    },
    "mdn-polyfills": {
      "version": "5.20.0",
      "resolved": "https://registry.npmmirror.com/mdn-polyfills/-/mdn-polyfills-5.20.0.tgz",
      "integrity": "sha512-AbTv1ytcoOUAkxw6u5oo2QPf27kEZgxBAQr49jFb4i2VnTnFGfJbcIQ9UDBOdfNECeXsgkYFwB2BkdeTfOzztw=="
    },
    "mdui": {
      "version": "1.0.2",
      "resolved": "https://registry.npmmirror.com/mdui/-/mdui-1.0.2.tgz",
      "integrity": "sha512-LIaDjVjzyPY8PUjlhCXiE4mOXinh+jv38H/zsrR00/Y9OWzdncPlvir3mzZGuxT4sh9rHOrh06zfsOPoBjIhzA==",
      "requires": {
        "mdn-polyfills": "^5.20.0",
        "mdui.jq": "^2.0.1",
        "normalize.css": "^8.0.1",
        "promise-polyfill": "^8.2.0"
      }
    },
    "mdui.jq": {
      "version": "2.0.1",
      "resolved": "https://registry.npmmirror.com/mdui.jq/-/mdui.jq-2.0.1.tgz",
      "integrity": "sha512-BNT4q/4gAqDYVNUVHmYoJoIu04Rmz0Ow0j38VwZgIahWphpyDdOxReQZzMUGDizXZUJ0+r+JpdKVxKMVP27VAg==",
      "requires": {
        "mdn-polyfills": "^5.20.0",
        "promise-polyfill": "^8.2.0"
      }
    },
    "nanoid": {
      "version": "3.3.6",
      "resolved": "https://registry.npmmirror.com/nanoid/-/nanoid-3.3.6.tgz",
      "integrity": "sha512-BGcqMMJuToF7i1rt+2PWSNVnWIkGCU78jBG3RxO/bZlnZPK2Cmi2QaffxGO/2RvWi9sL+FAiRiXMgsyxQ1DIDA=="
    },
    "normalize.css": {
      "version": "8.0.1",
      "resolved": "https://registry.npmmirror.com/normalize.css/-/normalize.css-8.0.1.tgz",
      "integrity": "sha512-qizSNPO93t1YUuUhP22btGOo3chcvDFqFaj2TRybP0DMxkHOCTYwp3n34fel4a31ORXy4m1Xq0Gyqpb5m33qIg=="
    },
    "picocolors": {
      "version": "1.0.0",
      "resolved": "https://registry.npmmirror.com/picocolors/-/picocolors-1.0.0.tgz",
      "integrity": "sha512-1fygroTLlHu66zi26VoTDv8yRgm0Fccecssto+MhsZ0D/DGW2sm8E8AjW7NU5VVTRt5GxbeZ5qBuJr+HyLYkjQ=="
    },
    "postcss": {
      "version": "8.4.28",
      "resolved": "https://registry.npmmirror.com/postcss/-/postcss-8.4.28.tgz",
      "integrity": "sha512-Z7V5j0cq8oEKyejIKfpD8b4eBy9cwW2JWPk0+fB1HOAMsfHbnAXLLS+PfVWlzMSLQaWttKDt607I0XHmpE67Vw==",
      "requires": {
        "nanoid": "^3.3.6",
        "picocolors": "^1.0.0",
        "source-map-js": "^1.0.2"
      }
    },
    "promise-polyfill": {
      "version": "8.3.0",
      "resolved": "https://registry.npmmirror.com/promise-polyfill/-/promise-polyfill-8.3.0.tgz",
      "integrity": "sha512-H5oELycFml5yto/atYqmjyigJoAo3+OXwolYiH7OfQuYlAqhxNvTfiNMbV9hsC6Yp83yE5r2KTVmtrG6R9i6Pg=="
    },
    "rollup": {
      "version": "3.28.1",
      "resolved": "https://registry.npmmirror.com/rollup/-/rollup-3.28.1.tgz",
      "integrity": "sha512-R9OMQmIHJm9znrU3m3cpE8uhN0fGdXiawME7aZIpQqvpS/85+Vt1Hq1/yVIcYfOmaQiHjvXkQAoJukvLpau6Yw==",
      "dev": true,
      "requires": {
        "fsevents": "~2.3.2"
      }
    },
    "source-map-js": {
      "version": "1.0.2",
      "resolved": "https://registry.npmmirror.com/source-map-js/-/source-map-js-1.0.2.tgz",
      "integrity": "sha512-R0XvVJ9WusLiqTCEiGCmICCMplcCkIwwR11mOSD9CR5u+IXYdiseeEuXCVAjS54zqwkLcPNnmU4OeJ6tUrWhDw=="
    },
    "tailwind-merge": {
      "version": "1.14.0",
      "resolved": "https://registry.npmmirror.com/tailwind-merge/-/tailwind-merge-1.14.0.tgz",
      "integrity": "sha512-3mFKyCo/MBcgyOTlrY8T7odzZFx+w+qKSMAmdFzRvqBfLlSigU6TZnlFHK0lkMwj9Bj8OYU+9yW9lmGuS0QEnQ=="
    },
    "vite": {
      "version": "4.4.9",
      "resolved": "https://registry.npmmirror.com/vite/-/vite-4.4.9.tgz",
      "integrity": "sha512-2mbUn2LlUmNASWwSCNSJ/EG2HuSRTnVNaydp6vMCm5VIqJsjMfbIWtbH2kDuwUVW5mMUKKZvGPX/rqeqVvv1XA==",
      "dev": true,
      "requires": {
        "esbuild": "^0.18.10",
        "fsevents": "~2.3.2",
        "postcss": "^8.4.27",
        "rollup": "^3.27.1"
      }
    },
    "vue": {
      "version": "3.3.4",
      "resolved": "https://registry.npmmirror.com/vue/-/vue-3.3.4.tgz",
      "integrity": "sha512-VTyEYn3yvIeY1Py0WaYGZsXnz3y5UnGi62GjVEqvEGPl6nxbOrCXbVOTQWBEJUqAyTUk2uJ5JLVnYJ6ZzGbrSw==",
      "requires": {
        "@vue/compiler-dom": "3.3.4",
        "@vue/compiler-sfc": "3.3.4",
        "@vue/runtime-dom": "3.3.4",
        "@vue/server-renderer": "3.3.4",
        "@vue/shared": "3.3.4"
      }
    },
    "vue-router": {
      "version": "4.2.4",
      "resolved": "https://registry.npmmirror.com/vue-router/-/vue-router-4.2.4.tgz",
      "integrity": "sha512-9PISkmaCO02OzPVOMq2w82ilty6+xJmQrarYZDkjZBfl4RvYAlt4PKnEX21oW4KTtWfa9OuO/b3qk1Od3AEdCQ==",
      "requires": {
        "@vue/devtools-api": "^6.5.0"
      }
    },
    "xss": {
      "version": "1.0.11",
      "resolved": "https://registry.npmmirror.com/xss/-/xss-1.0.11.tgz",
      "integrity": "sha512-EimjrjThZeK2MO7WKR9mN5ZC1CSqivSl55wvUK5EtU6acf0rzEE1pN+9ZDrFXJ82BRp3JL38pPE6S4o/rpp1zQ==",
      "requires": {
        "commander": "^2.20.3",
        "cssfilter": "0.0.10"
      }
    }
  }
}
